{
  "lockfile_version": "1",
  "packages": {
    "coreutils@9.4": {
      "last_modified": "2024-02-24T23:06:34Z",
      "resolved": "github:NixOS/nixpkgs/9a9dae8f6319600fa9aebde37f340975cab4b8c0#coreutils",
      "source": "devbox-search",
      "version": "9.4",
      "systems": {
        "aarch64-darwin": {
          "store_path": "/nix/store/2bglpqk4wxizbjpri67lbjgngs3pyjag-coreutils-9.4"
        },
        "aarch64-linux": {
          "store_path": "/nix/store/hbh2gmp1idyjzw2wdh50idi8q01xm6yb-coreutils-9.4"
        },
        "x86_64-darwin": {
          "store_path": "/nix/store/mwjyhjnq90q9anil7xdi1wfrwsh7pxlg-coreutils-9.4"
        },
        "x86_64-linux": {
          "store_path": "/nix/store/x1xcjw5628crkk1pwr12y7nwbzkc3969-coreutils-9.4"
        }
      }
    },
    "gawk@5.2.2": {
      "last_modified": "2024-02-10T18:15:24Z",
      "resolved": "github:NixOS/nixpkgs/10b813040df67c4039086db0f6eaf65c536886c6#gawk",
      "source": "devbox-search",
      "version": "5.2.2",
      "systems": {
        "aarch64-darwin": {
          "store_path": "/nix/store/spskfl77py9hyvh3f9sjsqcrbsaiprh0-gawk-5.2.2"
        },
        "aarch64-linux": {
          "store_path": "/nix/store/aff474lmwps7lmy81xx2n6vpgrqb81hm-gawk-5.2.2"
        },
        "x86_64-darwin": {
          "store_path": "/nix/store/npxs880r2q6gqb6ax750kbq2scc0xzxy-gawk-5.2.2"
        },
        "x86_64-linux": {
          "store_path": "/nix/store/h53ycc406fmbq3ff0n0rjxdzb6lk9zcn-gawk-5.2.2"
        }
      }
    },
    "github:NixOS/nixpkgs/nixpkgs-unstable": {
      "last_modified": "2025-05-12T14:38:58Z",
      "resolved": "github:NixOS/nixpkgs/eaeed9530c76ce5f1d2d8232e08bec5e26f18ec1?lastModified=1747060738&narHash=sha256-ByfPRQuqj%2BnhtVV0koinEpmJw0KLzNbgcgi9EF%2BNVow%3D"
    },
    "liblockfile@1.17": {
      "last_modified": "2024-02-24T23:06:34Z",
      "resolved": "github:NixOS/nixpkgs/9a9dae8f6319600fa9aebde37f340975cab4b8c0#liblockfile",
      "source": "devbox-search",
      "version": "1.17",
      "systems": {
        "aarch64-darwin": {
          "store_path": "/nix/store/px2wl2pbs9qqv8msjzm79r7wbyfk6cvc-liblockfile-1.17"
        },
        "aarch64-linux": {
          "store_path": "/nix/store/ip9zgfp42kscnhhsydi58zdn1cidh4gh-liblockfile-1.17"
        },
        "x86_64-darwin": {
          "store_path": "/nix/store/ak3j1cjbnld150s94yvkn1qf4indksmp-liblockfile-1.17"
        },
        "x86_64-linux": {
          "store_path": "/nix/store/5w5pdriy9bvs83kla0rf2dfls689sclm-liblockfile-1.17"
        }
      }
    },
    "pdsh@2.35": {
      "last_modified": "2024-02-10T18:15:24Z",
      "resolved": "github:NixOS/nixpkgs/10b813040df67c4039086db0f6eaf65c536886c6#pdsh",
      "source": "devbox-search",
      "version": "2.35",
      "systems": {
        "aarch64-darwin": {
          "store_path": "/nix/store/48fjlwn1n8mkpaizhidfqgnf5cwcykvp-pdsh-2.35"
        },
        "aarch64-linux": {
          "store_path": "/nix/store/pbbzb5qrkkcj1f4ibycwrcv8b5x4y90c-pdsh-2.35"
        },
        "x86_64-darwin": {
          "store_path": "/nix/store/aj1j0qj47cci856jdqxjp4x7mfymbv1r-pdsh-2.35"
        },
        "x86_64-linux": {
          "store_path": "/nix/store/cy0z4lsp9m5lvapar2m379cqc5ni2xdx-pdsh-2.35"
        }
      }
    },
    "python@3.9.9": {
      "last_modified": "2022-01-26T13:01:16Z",
      "plugin_version": "0.0.4",
      "resolved": "github:NixOS/nixpkgs/e722007bf05802573b41701c49da6c8814878171#python3",
      "source": "devbox-search",
      "version": "3.9.9"
    }
  }
}
